{
  "version": 4,
  "terraform_version": "1.3.4",
  "serial": 125,
  "lineage": "a3ecd3da-554c-ae49-5dcd-2224de33d8e7",
  "outputs": {
    "instance_ipaddress": {
      "value": "144.22.249.83",
      "type": "string"
    },
    "name-of-first-availability-domain": {
      "value": "awmR:SA-SAOPAULO-1-AD-1",
      "type": "string"
    }
  },
  "resources": [
    {
      "mode": "data",
      "type": "oci_core_images",
      "name": "images",
      "provider": "provider[\"registry.terraform.io/hashicorp/oci\"]",
      "instances": [
        {
          "schema_version": 0,
          "attributes": {
            "compartment_id": "ocid1.compartment.oc1..aaaaaaaa3t2npasd5zgdda3mxgcwxm3mvb3ivlo7xidsbz5qlbafybvdbw7q",
            "display_name": null,
            "filter": null,
            "id": "CoreImagesDataSource-2094378267",
            "images": [
              {
                "agent_features": [],
                "base_image_id": "",
                "billable_size_in_gbs": "2",
                "compartment_id": "",
                "create_image_allowed": true,
                "defined_tags": {},
                "display_name": "Canonical-Ubuntu-18.04-2022.10.27-0",
                "freeform_tags": {},
                "id": "ocid1.image.oc1.sa-saopaulo-1.aaaaaaaa6xc4luxjfirgkoswbtowbz37gotwrpe2qbvjsfu42fnlewjcv2pa",
                "image_source_details": [],
                "instance_id": "",
                "launch_mode": "NATIVE",
                "launch_options": [
                  {
                    "boot_volume_type": "PARAVIRTUALIZED",
                    "firmware": "UEFI_64",
                    "is_consistent_volume_naming_enabled": true,
                    "is_pv_encryption_in_transit_enabled": true,
                    "network_type": "PARAVIRTUALIZED",
                    "remote_data_volume_type": "PARAVIRTUALIZED"
                  }
                ],
                "listing_type": "",
                "operating_system": "Canonical Ubuntu",
                "operating_system_version": "18.04",
                "size_in_mbs": "47694",
                "state": "AVAILABLE",
                "time_created": "2022-11-09 15:43:24.746 +0000 UTC"
              },
              {
                "agent_features": [],
                "base_image_id": "",
                "billable_size_in_gbs": "2",
                "compartment_id": "",
                "create_image_allowed": true,
                "defined_tags": {},
                "display_name": "Canonical-Ubuntu-18.04-2022.08.10-0",
                "freeform_tags": {},
                "id": "ocid1.image.oc1.sa-saopaulo-1.aaaaaaaayix7yyjwskhbyllbvvtenionk4u3grj66s6bgr2vvthxbqjan5sa",
                "image_source_details": [],
                "instance_id": "",
                "launch_mode": "NATIVE",
                "launch_options": [
                  {
                    "boot_volume_type": "PARAVIRTUALIZED",
                    "firmware": "UEFI_64",
                    "is_consistent_volume_naming_enabled": true,
                    "is_pv_encryption_in_transit_enabled": true,
                    "network_type": "PARAVIRTUALIZED",
                    "remote_data_volume_type": "PARAVIRTUALIZED"
                  }
                ],
                "listing_type": "",
                "operating_system": "Canonical Ubuntu",
                "operating_system_version": "18.04",
                "size_in_mbs": "47694",
                "state": "AVAILABLE",
                "time_created": "2022-08-26 03:40:39.343 +0000 UTC"
              },
              {
                "agent_features": [],
                "base_image_id": "",
                "billable_size_in_gbs": "2",
                "compartment_id": "",
                "create_image_allowed": true,
                "defined_tags": {},
                "display_name": "Canonical-Ubuntu-18.04-2022.07.13-0",
                "freeform_tags": {},
                "id": "ocid1.image.oc1.sa-saopaulo-1.aaaaaaaavogofypb7dm4mhaomwvabe25uweluyb4oyt3wdbq6inpyyzu7z7a",
                "image_source_details": [],
                "instance_id": "",
                "launch_mode": "NATIVE",
                "launch_options": [
                  {
                    "boot_volume_type": "PARAVIRTUALIZED",
                    "firmware": "UEFI_64",
                    "is_consistent_volume_naming_enabled": true,
                    "is_pv_encryption_in_transit_enabled": true,
                    "network_type": "PARAVIRTUALIZED",
                    "remote_data_volume_type": "PARAVIRTUALIZED"
                  }
                ],
                "listing_type": "",
                "operating_system": "Canonical Ubuntu",
                "operating_system_version": "18.04",
                "size_in_mbs": "47694",
                "state": "AVAILABLE",
                "time_created": "2022-08-01 06:22:50.254 +0000 UTC"
              }
            ],
            "operating_system": "Canonical Ubuntu",
            "operating_system_version": "18.04",
            "shape": "VM.Standard2.1",
            "sort_by": "TIMECREATED",
            "sort_order": "DESC",
            "state": null
          },
          "sensitive_attributes": []
        }
      ]
    },
    {
      "mode": "data",
      "type": "oci_identity_availability_domains",
      "name": "ads",
      "provider": "provider[\"registry.terraform.io/hashicorp/oci\"]",
      "instances": [
        {
          "schema_version": 0,
          "attributes": {
            "availability_domains": [
              {
                "compartment_id": "ocid1.tenancy.oc1..aaaaaaaazv3wapnqqxhlnmtigfknedmrsho6u7xpt56o3mt2evrgepwuzv6q",
                "id": "ocid1.availabilitydomain.oc1..aaaaaaaay5nesbty7quxigdwtp7axotkcglzi43jvfrnwvbv4dgjerqwxf5a",
                "name": "awmR:SA-SAOPAULO-1-AD-1"
              }
            ],
            "compartment_id": "ocid1.tenancy.oc1..aaaaaaaazv3wapnqqxhlnmtigfknedmrsho6u7xpt56o3mt2evrgepwuzv6q",
            "filter": null,
            "id": "IdentityAvailabilityDomainsDataSource-3677251360"
          },
          "sensitive_attributes": []
        }
      ]
    },
    {
      "mode": "managed",
      "type": "null_resource",
      "name": "run_docker_install",
      "provider": "provider[\"registry.terraform.io/hashicorp/null\"]",
      "instances": [
        {
          "status": "tainted",
          "schema_version": 0,
          "attributes": {
            "id": "1887525095649265109",
            "triggers": null
          },
          "sensitive_attributes": [],
          "dependencies": [
            "oci_core_instance.ubuntu_instance"
          ]
        }
      ]
    },
    {
      "mode": "managed",
      "type": "oci_core_instance",
      "name": "ubuntu_instance",
      "provider": "provider[\"registry.terraform.io/hashicorp/oci\"]",
      "instances": [
        {
          "schema_version": 0,
          "attributes": {
            "agent_config": [
              {
                "are_all_plugins_disabled": false,
                "is_management_disabled": false,
                "is_monitoring_disabled": false,
                "plugins_config": []
              }
            ],
            "async": null,
            "availability_config": [
              {
                "is_live_migration_preferred": false,
                "recovery_action": "RESTORE_INSTANCE"
              }
            ],
            "availability_domain": "awmR:SA-SAOPAULO-1-AD-1",
            "boot_volume_id": "ocid1.bootvolume.oc1.sa-saopaulo-1.abtxeljr62d3kzswzurqajnrqanspn26jtfoadjb3axpvfqtjeseri3apqfa",
            "capacity_reservation_id": null,
            "compartment_id": "ocid1.compartment.oc1..aaaaaaaa3t2npasd5zgdda3mxgcwxm3mvb3ivlo7xidsbz5qlbafybvdbw7q",
            "create_vnic_details": [
              {
                "assign_private_dns_record": false,
                "assign_public_ip": "true",
                "defined_tags": {
                  "Oracle-Tags.CreatedBy": "oracleidentitycloudservice/terraformuser",
                  "Oracle-Tags.CreatedOn": "2022-11-30T00:12:17.549Z"
                },
                "display_name": "TerraForm Ubuntu Instance",
                "freeform_tags": {},
                "hostname_label": "terraform-ubuntu-instance",
                "nsg_ids": [],
                "private_ip": "10.0.0.127",
                "skip_source_dest_check": false,
                "subnet_id": "ocid1.subnet.oc1.sa-saopaulo-1.aaaaaaaaemfk6yngocbyxb7f2ed3krhxgshvj57mqnq3z3asncjhz2tiysuq",
                "vlan_id": ""
              }
            ],
            "dedicated_vm_host_id": null,
            "defined_tags": {
              "Oracle-Tags.CreatedBy": "oracleidentitycloudservice/terraformuser",
              "Oracle-Tags.CreatedOn": "2022-11-30T00:12:17.377Z"
            },
            "display_name": "TerraForm Ubuntu Instance",
            "extended_metadata": {},
            "fault_domain": "FAULT-DOMAIN-3",
            "freeform_tags": {},
            "hostname_label": "terraform-ubuntu-instance",
            "id": "ocid1.instance.oc1.sa-saopaulo-1.antxeljr5lfohuacnrtwss7lkorfkx52pmnmfsb5tbpcl5upzlphy47rtfya",
            "image": "ocid1.image.oc1.sa-saopaulo-1.aaaaaaaa6xc4luxjfirgkoswbtowbz37gotwrpe2qbvjsfu42fnlewjcv2pa",
            "instance_options": [
              {
                "are_legacy_imds_endpoints_disabled": false
              }
            ],
            "ipxe_script": null,
            "is_pv_encryption_in_transit_enabled": null,
            "launch_mode": "PARAVIRTUALIZED",
            "launch_options": [
              {
                "boot_volume_type": "PARAVIRTUALIZED",
                "firmware": "UEFI_64",
                "is_consistent_volume_naming_enabled": true,
                "is_pv_encryption_in_transit_enabled": false,
                "network_type": "PARAVIRTUALIZED",
                "remote_data_volume_type": "PARAVIRTUALIZED"
              }
            ],
            "metadata": {
              "ssh_authorized_keys": "ssh-rsa AAAAB3NzaC1yc2EAAAADAQABAAABgQClhcBRpUQpWUsoc1IJ/4FtP4qjaO/PpyNUMjIEikanaHW2+b1dvT9hJpqKmuPC4vjrXWHYkiWFgTC7LI5PFVPbNwlRNXZV0QFmaYNrPSr7w2SMYtf3zCPDlrIfg80fz1XahibOVkP0UpXlGg1gzbd6U3OnUyyXIg5b7ncMVFDmqPuFtMsjum7kutSIuxVSqfJewTFyPO/X645YYaF00c5l3LxHvvhjqY4tctWMdoNS4RDUkUOwmAblIjt5eWc2XvJISMg2ptodPfonHdOxe0LmKMF3MWlLAA08i4lQ4xkdzu62Dsh2lX2P03rrlN/Yumy0fbQAds6ek2p2Fs9DWSAbSacez+YJo5lUOiNbII+RXU6OuotIfKHExDWwL2jxqe2NuSWUPRu3EnvWHLRjf0NWppkZ2GBoIOBbor8THlRMKKT7J/gfmXKKp4LKI7eV4D37mqh6/xBvpt7xqEZqlt4dcNfLflCnKzMCN1V8B6qyIiKEiX1OPtK1VKnT8joNfVM= rieri@DESKTOP-KPE6VHQ\r\n"
            },
            "platform_config": [],
            "preemptible_instance_config": [],
            "preserve_boot_volume": false,
            "private_ip": "10.0.0.127",
            "public_ip": "144.22.249.83",
            "region": "sa-saopaulo-1",
            "shape": "VM.Standard2.1",
            "shape_config": [
              {
                "baseline_ocpu_utilization": "",
                "gpu_description": "",
                "gpus": 0,
                "local_disk_description": "",
                "local_disks": 0,
                "local_disks_total_size_in_gbs": 0,
                "max_vnic_attachments": 2,
                "memory_in_gbs": 15,
                "networking_bandwidth_in_gbps": 1,
                "nvmes": 0,
                "ocpus": 1,
                "processor_description": "2.0 GHz Intel® Xeon® Platinum 8167M (Skylake)"
              }
            ],
            "source_details": [
              {
                "boot_volume_size_in_gbs": "47",
                "boot_volume_vpus_per_gb": "10",
                "kms_key_id": "",
                "source_id": "ocid1.image.oc1.sa-saopaulo-1.aaaaaaaa6xc4luxjfirgkoswbtowbz37gotwrpe2qbvjsfu42fnlewjcv2pa",
                "source_type": "image"
              }
            ],
            "state": "RUNNING",
            "subnet_id": "ocid1.subnet.oc1.sa-saopaulo-1.aaaaaaaaemfk6yngocbyxb7f2ed3krhxgshvj57mqnq3z3asncjhz2tiysuq",
            "system_tags": {},
            "time_created": "2022-11-30 00:12:17.928 +0000 UTC",
            "time_maintenance_reboot_due": "",
            "timeouts": null
          },
          "sensitive_attributes": [],
          "private": "eyJlMmJmYjczMC1lY2FhLTExZTYtOGY4OC0zNDM2M2JjN2M0YzAiOnsiY3JlYXRlIjoyNzAwMDAwMDAwMDAwLCJkZWxldGUiOjQ1MDAwMDAwMDAwMDAsInVwZGF0ZSI6MjcwMDAwMDAwMDAwMH19",
          "dependencies": [
            "data.oci_core_images.images",
            "data.oci_identity_availability_domains.ads",
            "oci_core_internet_gateway.igw",
            "oci_core_route_table.rt",
            "oci_core_subnet.public_subnet",
            "oci_core_virtual_network.vcn",
            "oci_identity_compartment.Terraformcompartment"
          ]
        }
      ]
    },
    {
      "mode": "managed",
      "type": "oci_core_internet_gateway",
      "name": "igw",
      "provider": "provider[\"registry.terraform.io/hashicorp/oci\"]",
      "instances": [
        {
          "schema_version": 0,
          "attributes": {
            "compartment_id": "ocid1.compartment.oc1..aaaaaaaa3t2npasd5zgdda3mxgcwxm3mvb3ivlo7xidsbz5qlbafybvdbw7q",
            "defined_tags": {
              "Oracle-Tags.CreatedBy": "oracleidentitycloudservice/terraformuser",
              "Oracle-Tags.CreatedOn": "2022-11-30T00:11:59.387Z"
            },
            "display_name": "igwTerraform",
            "enabled": true,
            "freeform_tags": {},
            "id": "ocid1.internetgateway.oc1.sa-saopaulo-1.aaaaaaaallu4fdarjve5gqgvipjy4thigxfajmhmms7jzuz6nbt2sgmobqtq",
            "route_table_id": null,
            "state": "AVAILABLE",
            "time_created": "2022-11-30 00:11:59.448 +0000 UTC",
            "timeouts": null,
            "vcn_id": "ocid1.vcn.oc1.sa-saopaulo-1.amaaaaaa5lfohuaa5qttpb6emfuxnq4g2riaguky3yiueqmoqhykbtlawttq"
          },
          "sensitive_attributes": [],
          "private": "eyJlMmJmYjczMC1lY2FhLTExZTYtOGY4OC0zNDM2M2JjN2M0YzAiOnsiY3JlYXRlIjoxMjAwMDAwMDAwMDAwLCJkZWxldGUiOjEyMDAwMDAwMDAwMDAsInVwZGF0ZSI6MTIwMDAwMDAwMDAwMH19",
          "dependencies": [
            "oci_core_virtual_network.vcn",
            "oci_identity_compartment.Terraformcompartment"
          ]
        }
      ]
    },
    {
      "mode": "managed",
      "type": "oci_core_route_table",
      "name": "rt",
      "provider": "provider[\"registry.terraform.io/hashicorp/oci\"]",
      "instances": [
        {
          "schema_version": 0,
          "attributes": {
            "compartment_id": "ocid1.compartment.oc1..aaaaaaaa3t2npasd5zgdda3mxgcwxm3mvb3ivlo7xidsbz5qlbafybvdbw7q",
            "defined_tags": {
              "Oracle-Tags.CreatedBy": "oracleidentitycloudservice/terraformuser",
              "Oracle-Tags.CreatedOn": "2022-11-30T00:12:00.537Z"
            },
            "display_name": "rtTerraform",
            "freeform_tags": {},
            "id": "ocid1.routetable.oc1.sa-saopaulo-1.aaaaaaaap2onetguuawt3f4jvmfdlxbcff74vp7klj245zdb6p4f35vmefna",
            "route_rules": [
              {
                "cidr_block": "0.0.0.0/0",
                "description": "",
                "destination": "0.0.0.0/0",
                "destination_type": "CIDR_BLOCK",
                "network_entity_id": "ocid1.internetgateway.oc1.sa-saopaulo-1.aaaaaaaallu4fdarjve5gqgvipjy4thigxfajmhmms7jzuz6nbt2sgmobqtq",
                "route_type": ""
              }
            ],
            "state": "AVAILABLE",
            "time_created": "2022-11-30 00:12:00.568 +0000 UTC",
            "timeouts": null,
            "vcn_id": "ocid1.vcn.oc1.sa-saopaulo-1.amaaaaaa5lfohuaa5qttpb6emfuxnq4g2riaguky3yiueqmoqhykbtlawttq"
          },
          "sensitive_attributes": [],
          "private": "eyJlMmJmYjczMC1lY2FhLTExZTYtOGY4OC0zNDM2M2JjN2M0YzAiOnsiY3JlYXRlIjoxMjAwMDAwMDAwMDAwLCJkZWxldGUiOjEyMDAwMDAwMDAwMDAsInVwZGF0ZSI6MTIwMDAwMDAwMDAwMH19",
          "dependencies": [
            "oci_core_internet_gateway.igw",
            "oci_core_virtual_network.vcn",
            "oci_identity_compartment.Terraformcompartment"
          ]
        }
      ]
    },
    {
      "mode": "managed",
      "type": "oci_core_security_list",
      "name": "sl",
      "provider": "provider[\"registry.terraform.io/hashicorp/oci\"]",
      "instances": [
        {
          "schema_version": 0,
          "attributes": {
            "compartment_id": "ocid1.compartment.oc1..aaaaaaaa3t2npasd5zgdda3mxgcwxm3mvb3ivlo7xidsbz5qlbafybvdbw7q",
            "defined_tags": {
              "Oracle-Tags.CreatedBy": "oracleidentitycloudservice/terraformuser",
              "Oracle-Tags.CreatedOn": "2022-11-30T00:11:59.535Z"
            },
            "display_name": "slTerraform",
            "egress_security_rules": [
              {
                "description": "",
                "destination": "0.0.0.0/0",
                "destination_type": "CIDR_BLOCK",
                "icmp_options": [],
                "protocol": "all",
                "stateless": false,
                "tcp_options": [],
                "udp_options": []
              }
            ],
            "freeform_tags": {},
            "id": "ocid1.securitylist.oc1.sa-saopaulo-1.aaaaaaaas35ox6uc7cqh2htlco56fnj3i47mvce26abatd4jjn2ri3y3w45a",
            "ingress_security_rules": [
              {
                "description": "",
                "icmp_options": [],
                "protocol": "6",
                "source": "0.0.0.0/0",
                "source_type": "CIDR_BLOCK",
                "stateless": false,
                "tcp_options": [
                  {
                    "max": 22,
                    "min": 22,
                    "source_port_range": []
                  }
                ],
                "udp_options": []
              },
              {
                "description": "",
                "icmp_options": [],
                "protocol": "6",
                "source": "0.0.0.0/0",
                "source_type": "CIDR_BLOCK",
                "stateless": false,
                "tcp_options": [
                  {
                    "max": 80,
                    "min": 80,
                    "source_port_range": []
                  }
                ],
                "udp_options": []
              },
              {
                "description": "",
                "icmp_options": [],
                "protocol": "all",
                "source": "0.0.0.0/0",
                "source_type": "CIDR_BLOCK",
                "stateless": false,
                "tcp_options": [],
                "udp_options": []
              }
            ],
            "state": "AVAILABLE",
            "time_created": "2022-11-30 00:11:59.584 +0000 UTC",
            "timeouts": null,
            "vcn_id": "ocid1.vcn.oc1.sa-saopaulo-1.amaaaaaa5lfohuaa5qttpb6emfuxnq4g2riaguky3yiueqmoqhykbtlawttq"
          },
          "sensitive_attributes": [],
          "private": "eyJlMmJmYjczMC1lY2FhLTExZTYtOGY4OC0zNDM2M2JjN2M0YzAiOnsiY3JlYXRlIjoxMjAwMDAwMDAwMDAwLCJkZWxldGUiOjEyMDAwMDAwMDAwMDAsInVwZGF0ZSI6MTIwMDAwMDAwMDAwMH19",
          "dependencies": [
            "oci_core_virtual_network.vcn",
            "oci_identity_compartment.Terraformcompartment"
          ]
        }
      ]
    },
    {
      "mode": "managed",
      "type": "oci_core_subnet",
      "name": "public_subnet",
      "provider": "provider[\"registry.terraform.io/hashicorp/oci\"]",
      "instances": [
        {
          "schema_version": 0,
          "attributes": {
            "availability_domain": null,
            "cidr_block": "10.0.0.0/24",
            "compartment_id": "ocid1.compartment.oc1..aaaaaaaa3t2npasd5zgdda3mxgcwxm3mvb3ivlo7xidsbz5qlbafybvdbw7q",
            "defined_tags": {
              "Oracle-Tags.CreatedBy": "oracleidentitycloudservice/terraformuser",
              "Oracle-Tags.CreatedOn": "2022-11-30T00:12:01.522Z"
            },
            "dhcp_options_id": "ocid1.dhcpoptions.oc1.sa-saopaulo-1.aaaaaaaa55lj3en2edrhfxfbefqdyc2mdml62outmed6mwl3wgxiwcvv65ga",
            "display_name": "vcnterraform",
            "dns_label": "vcnterraform",
            "freeform_tags": {},
            "id": "ocid1.subnet.oc1.sa-saopaulo-1.aaaaaaaaemfk6yngocbyxb7f2ed3krhxgshvj57mqnq3z3asncjhz2tiysuq",
            "ipv6cidr_block": null,
            "ipv6cidr_blocks": [],
            "ipv6virtual_router_ip": null,
            "prohibit_internet_ingress": false,
            "prohibit_public_ip_on_vnic": false,
            "route_table_id": "ocid1.routetable.oc1.sa-saopaulo-1.aaaaaaaap2onetguuawt3f4jvmfdlxbcff74vp7klj245zdb6p4f35vmefna",
            "security_list_ids": [
              "ocid1.securitylist.oc1.sa-saopaulo-1.aaaaaaaab5mtq6gvifoeq6topg6ymmnw23tn4wbhe44lnnwxm26s2ra7xu2a"
            ],
            "state": "AVAILABLE",
            "subnet_domain_name": "vcnterraform.vcnterraform.oraclevcn.com",
            "time_created": "2022-11-30 00:12:01.611 +0000 UTC",
            "timeouts": null,
            "vcn_id": "ocid1.vcn.oc1.sa-saopaulo-1.amaaaaaa5lfohuaa5qttpb6emfuxnq4g2riaguky3yiueqmoqhykbtlawttq",
            "virtual_router_ip": "10.0.0.1",
            "virtual_router_mac": "00:00:17:9C:F0:0E"
          },
          "sensitive_attributes": [],
          "private": "eyJlMmJmYjczMC1lY2FhLTExZTYtOGY4OC0zNDM2M2JjN2M0YzAiOnsiY3JlYXRlIjoxMjAwMDAwMDAwMDAwLCJkZWxldGUiOjEyMDAwMDAwMDAwMDAsInVwZGF0ZSI6MTIwMDAwMDAwMDAwMH19",
          "dependencies": [
            "oci_core_internet_gateway.igw",
            "oci_core_route_table.rt",
            "oci_core_virtual_network.vcn",
            "oci_identity_compartment.Terraformcompartment"
          ]
        }
      ]
    },
    {
      "mode": "managed",
      "type": "oci_core_virtual_network",
      "name": "vcn",
      "provider": "provider[\"registry.terraform.io/hashicorp/oci\"]",
      "instances": [
        {
          "schema_version": 0,
          "attributes": {
            "byoipv6cidr_blocks": [],
            "byoipv6cidr_details": [],
            "cidr_block": "10.0.0.0/16",
            "cidr_blocks": [
              "10.0.0.0/16"
            ],
            "compartment_id": "ocid1.compartment.oc1..aaaaaaaa3t2npasd5zgdda3mxgcwxm3mvb3ivlo7xidsbz5qlbafybvdbw7q",
            "default_dhcp_options_id": "ocid1.dhcpoptions.oc1.sa-saopaulo-1.aaaaaaaa55lj3en2edrhfxfbefqdyc2mdml62outmed6mwl3wgxiwcvv65ga",
            "default_route_table_id": "ocid1.routetable.oc1.sa-saopaulo-1.aaaaaaaapcapkrg3v3weflyp2nkpgjuc5xekuaxwsdyyma5esfk2dulqjfca",
            "default_security_list_id": "ocid1.securitylist.oc1.sa-saopaulo-1.aaaaaaaab5mtq6gvifoeq6topg6ymmnw23tn4wbhe44lnnwxm26s2ra7xu2a",
            "defined_tags": {
              "Oracle-Tags.CreatedBy": "oracleidentitycloudservice/terraformuser",
              "Oracle-Tags.CreatedOn": "2022-11-30T00:11:58.435Z"
            },
            "display_name": "vcnterraform",
            "dns_label": "vcnterraform",
            "freeform_tags": {},
            "id": "ocid1.vcn.oc1.sa-saopaulo-1.amaaaaaa5lfohuaa5qttpb6emfuxnq4g2riaguky3yiueqmoqhykbtlawttq",
            "ipv6cidr_blocks": [],
            "ipv6private_cidr_blocks": [],
            "is_ipv6enabled": false,
            "is_oracle_gua_allocation_enabled": null,
            "state": "AVAILABLE",
            "time_created": "2022-11-30 00:11:58.56 +0000 UTC",
            "timeouts": null,
            "vcn_domain_name": "vcnterraform.oraclevcn.com"
          },
          "sensitive_attributes": [],
          "private": "eyJlMmJmYjczMC1lY2FhLTExZTYtOGY4OC0zNDM2M2JjN2M0YzAiOnsiY3JlYXRlIjoxMjAwMDAwMDAwMDAwLCJkZWxldGUiOjEyMDAwMDAwMDAwMDAsInVwZGF0ZSI6MTIwMDAwMDAwMDAwMH19",
          "dependencies": [
            "oci_identity_compartment.Terraformcompartment"
          ]
        }
      ]
    },
    {
      "mode": "managed",
      "type": "oci_identity_compartment",
      "name": "Terraformcompartment",
      "provider": "provider[\"registry.terraform.io/hashicorp/oci\"]",
      "instances": [
        {
          "schema_version": 0,
          "attributes": {
            "compartment_id": "ocid1.tenancy.oc1..aaaaaaaazv3wapnqqxhlnmtigfknedmrsho6u7xpt56o3mt2evrgepwuzv6q",
            "defined_tags": {
              "Oracle-Tags.CreatedBy": "oracleidentitycloudservice/terraformuser",
              "Oracle-Tags.CreatedOn": "2022-11-28T19:03:46.888Z"
            },
            "description": "Terraform compartment",
            "enable_delete": null,
            "freeform_tags": {},
            "id": "ocid1.compartment.oc1..aaaaaaaa3t2npasd5zgdda3mxgcwxm3mvb3ivlo7xidsbz5qlbafybvdbw7q",
            "inactive_state": null,
            "is_accessible": true,
            "name": "Terraformcompartment",
            "state": "ACTIVE",
            "time_created": "2022-11-28 19:03:47.002 +0000 UTC",
            "timeouts": null
          },
          "sensitive_attributes": [],
          "private": "eyJlMmJmYjczMC1lY2FhLTExZTYtOGY4OC0zNDM2M2JjN2M0YzAiOnsiZGVsZXRlIjo1NDAwMDAwMDAwMDAwfX0="
        }
      ]
    }
  ],
  "check_results": null
}
